// !$*UTF8*$!
{
	archiveVersion = 1;
	classes = {
	};
	objectVersion = 46;
	objects = {

/* Begin PBXBuildFile section */
		2D72AC478E54A887D41C23A3 /* Pods.framework in Frameworks */ = {isa = PBXBuildFile; fileRef = 2AB378DE1A5E975DD53465F2 /* Pods.framework */; };
		324A349B1BEC80C70001F69F /* AccountChoiceViewController.swift in Sources */ = {isa = PBXBuildFile; fileRef = 324A349A1BEC80C70001F69F /* AccountChoiceViewController.swift */; };
		324A349D1BEC81770001F69F /* EmailSignInViewController.swift in Sources */ = {isa = PBXBuildFile; fileRef = 324A349C1BEC81770001F69F /* EmailSignInViewController.swift */; };
		324A349F1BEC97D80001F69F /* UIManager.swift in Sources */ = {isa = PBXBuildFile; fileRef = 324A349E1BEC97D80001F69F /* UIManager.swift */; };
		324A34A11BECA40D0001F69F /* ForgotPasswordViewController.swift in Sources */ = {isa = PBXBuildFile; fileRef = 324A34A01BECA40D0001F69F /* ForgotPasswordViewController.swift */; };
		324A65BD1BE9F0D90002E30C /* AppDelegate.swift in Sources */ = {isa = PBXBuildFile; fileRef = 324A65BC1BE9F0D90002E30C /* AppDelegate.swift */; };
		324A65C21BE9F0D90002E30C /* Main.storyboard in Resources */ = {isa = PBXBuildFile; fileRef = 324A65C01BE9F0D90002E30C /* Main.storyboard */; };
		324A65C41BE9F0D90002E30C /* Assets.xcassets in Resources */ = {isa = PBXBuildFile; fileRef = 324A65C31BE9F0D90002E30C /* Assets.xcassets */; };
		324A65C71BE9F0D90002E30C /* LaunchScreen.storyboard in Resources */ = {isa = PBXBuildFile; fileRef = 324A65C51BE9F0D90002E30C /* LaunchScreen.storyboard */; };
		32524FB71BEB05090023FF33 /* FontAwesome.otf in Resources */ = {isa = PBXBuildFile; fileRef = 32524FB61BEB05090023FF33 /* FontAwesome.otf */; };
		3260EC561BF034FB00A23D7F /* HomeViewController.swift in Sources */ = {isa = PBXBuildFile; fileRef = 3260EC551BF034FB00A23D7F /* HomeViewController.swift */; };
		3260EC5A1BF03B5B00A23D7F /* ReplaceRootSegue.swift in Sources */ = {isa = PBXBuildFile; fileRef = 3260EC591BF03B5B00A23D7F /* ReplaceRootSegue.swift */; };
		329729D11BEF11360089BD09 /* EmailSignUpViewController.swift in Sources */ = {isa = PBXBuildFile; fileRef = 329729D01BEF11360089BD09 /* EmailSignUpViewController.swift */; };
/* End PBXBuildFile section */

/* Begin PBXFileReference section */
		0B68AE0E0FA0F5122D64A280 /* Pods.release.xcconfig */ = {isa = PBXFileReference; includeInIndex = 1; lastKnownFileType = text.xcconfig; name = Pods.release.xcconfig; path = "Pods/Target Support Files/Pods/Pods.release.xcconfig"; sourceTree = "<group>"; };
		2AB378DE1A5E975DD53465F2 /* Pods.framework */ = {isa = PBXFileReference; explicitFileType = wrapper.framework; includeInIndex = 0; path = Pods.framework; sourceTree = BUILT_PRODUCTS_DIR; };
		324A349A1BEC80C70001F69F /* AccountChoiceViewController.swift */ = {isa = PBXFileReference; fileEncoding = 4; lastKnownFileType = sourcecode.swift; path = AccountChoiceViewController.swift; sourceTree = "<group>"; };
		324A349C1BEC81770001F69F /* EmailSignInViewController.swift */ = {isa = PBXFileReference; fileEncoding = 4; lastKnownFileType = sourcecode.swift; path = EmailSignInViewController.swift; sourceTree = "<group>"; };
		324A349E1BEC97D80001F69F /* UIManager.swift */ = {isa = PBXFileReference; fileEncoding = 4; lastKnownFileType = sourcecode.swift; path = UIManager.swift; sourceTree = "<group>"; };
		324A34A01BECA40D0001F69F /* ForgotPasswordViewController.swift */ = {isa = PBXFileReference; fileEncoding = 4; lastKnownFileType = sourcecode.swift; path = ForgotPasswordViewController.swift; sourceTree = "<group>"; };
		324A65B91BE9F0D90002E30C /* PhotoStore.app */ = {isa = PBXFileReference; explicitFileType = wrapper.application; includeInIndex = 0; path = PhotoStore.app; sourceTree = BUILT_PRODUCTS_DIR; };
		324A65BC1BE9F0D90002E30C /* AppDelegate.swift */ = {isa = PBXFileReference; lastKnownFileType = sourcecode.swift; path = AppDelegate.swift; sourceTree = "<group>"; };
		324A65C11BE9F0D90002E30C /* Base */ = {isa = PBXFileReference; lastKnownFileType = file.storyboard; name = Base; path = Base.lproj/Main.storyboard; sourceTree = "<group>"; };
		324A65C31BE9F0D90002E30C /* Assets.xcassets */ = {isa = PBXFileReference; lastKnownFileType = folder.assetcatalog; path = Assets.xcassets; sourceTree = "<group>"; };
		324A65C61BE9F0D90002E30C /* Base */ = {isa = PBXFileReference; lastKnownFileType = file.storyboard; name = Base; path = Base.lproj/LaunchScreen.storyboard; sourceTree = "<group>"; };
		324A65C81BE9F0D90002E30C /* Info.plist */ = {isa = PBXFileReference; lastKnownFileType = text.plist.xml; path = Info.plist; sourceTree = "<group>"; };
		32524FB61BEB05090023FF33 /* FontAwesome.otf */ = {isa = PBXFileReference; lastKnownFileType = file; name = FontAwesome.otf; path = ../Pods/FontAwesomeKit/FontAwesomeKit/FontAwesome.otf; sourceTree = "<group>"; };
		3260EC551BF034FB00A23D7F /* HomeViewController.swift */ = {isa = PBXFileReference; fileEncoding = 4; lastKnownFileType = sourcecode.swift; path = HomeViewController.swift; sourceTree = "<group>"; };
		3260EC591BF03B5B00A23D7F /* ReplaceRootSegue.swift */ = {isa = PBXFileReference; fileEncoding = 4; lastKnownFileType = sourcecode.swift; path = ReplaceRootSegue.swift; sourceTree = "<group>"; };
		329729D01BEF11360089BD09 /* EmailSignUpViewController.swift */ = {isa = PBXFileReference; fileEncoding = 4; lastKnownFileType = sourcecode.swift; path = EmailSignUpViewController.swift; sourceTree = "<group>"; };
		6933F24D3329CBB09FC70F4E /* Pods.debug.xcconfig */ = {isa = PBXFileReference; includeInIndex = 1; lastKnownFileType = text.xcconfig; name = Pods.debug.xcconfig; path = "Pods/Target Support Files/Pods/Pods.debug.xcconfig"; sourceTree = "<group>"; };
/* End PBXFileReference section */

/* Begin PBXFrameworksBuildPhase section */
		324A65B61BE9F0D90002E30C /* Frameworks */ = {
			isa = PBXFrameworksBuildPhase;
			buildActionMask = 2147483647;
			files = (
				2D72AC478E54A887D41C23A3 /* Pods.framework in Frameworks */,
			);
			runOnlyForDeploymentPostprocessing = 0;
		};
/* End PBXFrameworksBuildPhase section */

/* Begin PBXGroup section */
		324A65B01BE9F0D90002E30C = {
			isa = PBXGroup;
			children = (
				324A65BB1BE9F0D90002E30C /* PhotoStore */,
				324A65BA1BE9F0D90002E30C /* Products */,
				8E9553120CB96F88B75C66C5 /* Pods */,
				6F3062D133EBBC0FFE788772 /* Frameworks */,
			);
			sourceTree = "<group>";
		};
		324A65BA1BE9F0D90002E30C /* Products */ = {
			isa = PBXGroup;
			children = (
				324A65B91BE9F0D90002E30C /* PhotoStore.app */,
			);
			name = Products;
			sourceTree = "<group>";
		};
		324A65BB1BE9F0D90002E30C /* PhotoStore */ = {
			isa = PBXGroup;
			children = (
				324A349E1BEC97D80001F69F /* UIManager.swift */,
				324A65BC1BE9F0D90002E30C /* AppDelegate.swift */,
				324A349A1BEC80C70001F69F /* AccountChoiceViewController.swift */,
				329729D01BEF11360089BD09 /* EmailSignUpViewController.swift */,
				324A349C1BEC81770001F69F /* EmailSignInViewController.swift */,
				324A34A01BECA40D0001F69F /* ForgotPasswordViewController.swift */,
				3260EC551BF034FB00A23D7F /* HomeViewController.swift */,
				3260EC591BF03B5B00A23D7F /* ReplaceRootSegue.swift */,
				324A65C01BE9F0D90002E30C /* Main.storyboard */,
				324A65C31BE9F0D90002E30C /* Assets.xcassets */,
				324A65C51BE9F0D90002E30C /* LaunchScreen.storyboard */,
				324A65C81BE9F0D90002E30C /* Info.plist */,
				32524FB61BEB05090023FF33 /* FontAwesome.otf */,
			);
			path = PhotoStore;
			sourceTree = "<group>";
		};
		6F3062D133EBBC0FFE788772 /* Frameworks */ = {
			isa = PBXGroup;
			children = (
				2AB378DE1A5E975DD53465F2 /* Pods.framework */,
			);
			name = Frameworks;
			sourceTree = "<group>";
		};
		8E9553120CB96F88B75C66C5 /* Pods */ = {
			isa = PBXGroup;
			children = (
				6933F24D3329CBB09FC70F4E /* Pods.debug.xcconfig */,
				0B68AE0E0FA0F5122D64A280 /* Pods.release.xcconfig */,
			);
			name = Pods;
			sourceTree = "<group>";
		};
/* End PBXGroup section */

/* Begin PBXNativeTarget section */
		324A65B81BE9F0D90002E30C /* PhotoStore */ = {
			isa = PBXNativeTarget;
			buildConfigurationList = 324A65CB1BE9F0D90002E30C /* Build configuration list for PBXNativeTarget "PhotoStore" */;
			buildPhases = (
				FD99F9DC4138F77F945D37E1 /* Check Pods Manifest.lock */,
				324A65B51BE9F0D90002E30C /* Sources */,
				324A65B61BE9F0D90002E30C /* Frameworks */,
				324A65B71BE9F0D90002E30C /* Resources */,
				A76554F0F7277BC76505C802 /* Embed Pods Frameworks */,
				BA71AEB61D4CBFFFA2FCCCE2 /* Copy Pods Resources */,
			);
			buildRules = (
			);
			dependencies = (
			);
			name = PhotoStore;
			productName = PhotoStore;
			productReference = 324A65B91BE9F0D90002E30C /* PhotoStore.app */;
			productType = "com.apple.product-type.application";
		};
/* End PBXNativeTarget section */

/* Begin PBXProject section */
		324A65B11BE9F0D90002E30C /* Project object */ = {
			isa = PBXProject;
			attributes = {
				LastSwiftUpdateCheck = 0710;
				LastUpgradeCheck = 0710;
				ORGANIZATIONNAME = EdgeJay;
				TargetAttributes = {
					324A65B81BE9F0D90002E30C = {
						CreatedOnToolsVersion = 7.1;
					};
				};
			};
			buildConfigurationList = 324A65B41BE9F0D90002E30C /* Build configuration list for PBXProject "PhotoStore" */;
			compatibilityVersion = "Xcode 3.2";
			developmentRegion = English;
			hasScannedForEncodings = 0;
			knownRegions = (
				en,
				Base,
			);
			mainGroup = 324A65B01BE9F0D90002E30C;
			productRefGroup = 324A65BA1BE9F0D90002E30C /* Products */;
			projectDirPath = "";
			projectRoot = "";
			targets = (
				324A65B81BE9F0D90002E30C /* PhotoStore */,
			);
		};
/* End PBXProject section */

/* Begin PBXResourcesBuildPhase section */
		324A65B71BE9F0D90002E30C /* Resources */ = {
			isa = PBXResourcesBuildPhase;
			buildActionMask = 2147483647;
			files = (
				32524FB71BEB05090023FF33 /* FontAwesome.otf in Resources */,
				324A65C71BE9F0D90002E30C /* LaunchScreen.storyboard in Resources */,
				324A65C41BE9F0D90002E30C /* Assets.xcassets in Resources */,
				324A65C21BE9F0D90002E30C /* Main.storyboard in Resources */,
			);
			runOnlyForDeploymentPostprocessing = 0;
		};
/* End PBXResourcesBuildPhase section */

/* Begin PBXShellScriptBuildPhase section */
		A76554F0F7277BC76505C802 /* Embed Pods Frameworks */ = {
			isa = PBXShellScriptBuildPhase;
			buildActionMask = 2147483647;
			files = (
			);
			inputPaths = (
			);
			name = "Embed Pods Frameworks";
			outputPaths = (
			);
			runOnlyForDeploymentPostprocessing = 0;
			shellPath = /bin/sh;
			shellScript = "\"${SRCROOT}/Pods/Target Support Files/Pods/Pods-frameworks.sh\"\n";
			showEnvVarsInLog = 0;
		};
		BA71AEB61D4CBFFFA2FCCCE2 /* Copy Pods Resources */ = {
			isa = PBXShellScriptBuildPhase;
			buildActionMask = 2147483647;
			files = (
			);
			inputPaths = (
			);
			name = "Copy Pods Resources";
			outputPaths = (
			);
			runOnlyForDeploymentPostprocessing = 0;
			shellPath = /bin/sh;
			shellScript = "\"${SRCROOT}/Pods/Target Support Files/Pods/Pods-resources.sh\"\n";
			showEnvVarsInLog = 0;
		};
		FD99F9DC4138F77F945D37E1 /* Check Pods Manifest.lock */ = {
			isa = PBXShellScriptBuildPhase;
			buildActionMask = 2147483647;
			files = (
			);
			inputPaths = (
			);
			name = "Check Pods Manifest.lock";
			outputPaths = (
			);
			runOnlyForDeploymentPostprocessing = 0;
			shellPath = /bin/sh;
			shellScript = "diff \"${PODS_ROOT}/../Podfile.lock\" \"${PODS_ROOT}/Manifest.lock\" > /dev/null\nif [[ $? != 0 ]] ; then\n    cat << EOM\nerror: The sandbox is not in sync with the Podfile.lock. Run 'pod install' or update your CocoaPods installation.\nEOM\n    exit 1\nfi\n";
			showEnvVarsInLog = 0;
		};
/* End PBXShellScriptBuildPhase section */

/* Begin PBXSourcesBuildPhase section */
		324A65B51BE9F0D90002E30C /* Sources */ = {
			isa = PBXSourcesBuildPhase;
			buildActionMask = 2147483647;
			files = (
				324A65BD1BE9F0D90002E30C /* AppDelegate.swift in Sources */,
				329729D11BEF11360089BD09 /* EmailSignUpViewController.swift in Sources */,
				3260EC5A1BF03B5B00A23D7F /* ReplaceRootSegue.swift in Sources */,
				324A34A11BECA40D0001F69F /* ForgotPasswordViewController.swift in Sources */,
				324A349D1BEC81770001F69F /* EmailSignInViewController.swift in Sources */,
				324A349B1BEC80C70001F69F /* AccountChoiceViewController.swift in Sources */,
				3260EC561BF034FB00A23D7F /* HomeViewController.swift in Sources */,
				324A349F1BEC97D80001F69F /* UIManager.swift in Sources */,
			);
			runOnlyForDeploymentPostprocessing = 0;
		};
/* End PBXSourcesBuildPhase section */

/* Begin PBXVariantGroup section */
		324A65C01BE9F0D90002E30C /* Main.storyboard */ = {
			isa = PBXVariantGroup;
			children = (
				324A65C11BE9F0D90002E30C /* Base */,
			);
			name = Main.storyboard;
			sourceTree = "<group>";
		};
		324A65C51BE9F0D90002E30C /* LaunchScreen.storyboard */ = {
			isa = PBXVariantGroup;
			children = (
				324A65C61BE9F0D90002E30C /* Base */,
			);
			name = LaunchScreen.storyboard;
			sourceTree = "<group>";
		};
/* End PBXVariantGroup section */

/* Begin XCBuildConfiguration section */
		324A65C91BE9F0D90002E30C /* Debug */ = {
			isa = XCBuildConfiguration;
			buildSettings = {
				ALWAYS_SEARCH_USER_PATHS = NO;
				CLANG_CXX_LANGUAGE_STANDARD = "gnu++0x";
				CLANG_CXX_LIBRARY = "libc++";
				CLANG_ENABLE_MODULES = YES;
				CLANG_ENABLE_OBJC_ARC = YES;
				CLANG_WARN_BOOL_CONVERSION = YES;
				CLANG_WARN_CONSTANT_CONVERSION = YES;
				CLANG_WARN_DIRECT_OBJC_ISA_USAGE = YES_ERROR;
				CLANG_WARN_EMPTY_BODY = YES;
				CLANG_WARN_ENUM_CONVERSION = YES;
				CLANG_WARN_INT_CONVERSION = YES;
				CLANG_WARN_OBJC_ROOT_CLASS = YES_ERROR;
				CLANG_WARN_UNREACHABLE_CODE = YES;
				CLANG_WARN__DUPLICATE_METHOD_MATCH = YES;
				"CODE_SIGN_IDENTITY[sdk=iphoneos*]" = "iPhone Developer";
				COPY_PHASE_STRIP = NO;
				DEBUG_INFORMATION_FORMAT = dwarf;
				ENABLE_STRICT_OBJC_MSGSEND = YES;
				ENABLE_TESTABILITY = YES;
				GCC_C_LANGUAGE_STANDARD = gnu99;
				GCC_DYNAMIC_NO_PIC = NO;
				GCC_NO_COMMON_BLOCKS = YES;
				GCC_OPTIMIZATION_LEVEL = 0;
				GCC_PREPROCESSOR_DEFINITIONS = (
					"DEBUG=1",
					"$(inherited)",
				);
				GCC_WARN_64_TO_32_BIT_CONVERSION = YES;
				GCC_WARN_ABOUT_RETURN_TYPE = YES_ERROR;
				GCC_WARN_UNDECLARED_SELECTOR = YES;
				GCC_WARN_UNINITIALIZED_AUTOS = YES_AGGRESSIVE;
				GCC_WARN_UNUSED_FUNCTION = YES;
				GCC_WARN_UNUSED_VARIABLE = YES;
				IPHONEOS_DEPLOYMENT_TARGET = 8.0;
				MTL_ENABLE_DEBUG_INFO = YES;
				ONLY_ACTIVE_ARCH = YES;
				SDKROOT = iphoneos;
				SWIFT_OPTIMIZATION_LEVEL = "-Onone";
				TARGETED_DEVICE_FAMILY = "1,2";
			};
			name = Debug;
		};
		324A65CA1BE9F0D90002E30C /* Release */ = {
			isa = XCBuildConfiguration;
			buildSettings = {
				ALWAYS_SEARCH_USER_PATHS = NO;
				CLANG_CXX_LANGUAGE_STANDARD = "gnu++0x";
				CLANG_CXX_LIBRARY = "libc++";
				CLANG_ENABLE_MODULES = YES;
				CLANG_ENABLE_OBJC_ARC = YES;
				CLANG_WARN_BOOL_CONVERSION = YES;
				CLANG_WARN_CONSTANT_CONVERSION = YES;
				CLANG_WARN_DIRECT_OBJC_ISA_USAGE = YES_ERROR;
				CLANG_WARN_EMPTY_BODY = YES;
				CLANG_WARN_ENUM_CONVERSION = YES;
				CLANG_WARN_INT_CONVERSION = YES;
				CLANG_WARN_OBJC_ROOT_CLASS = YES_ERROR;
				CLANG_WARN_UNREACHABLE_CODE = YES;
				CLANG_WARN__DUPLICATE_METHOD_MATCH = YES;
				"CODE_SIGN_IDENTITY[sdk=iphoneos*]" = "iPhone Developer";
				COPY_PHASE_STRIP = NO;
				DEBUG_INFORMATION_FORMAT = "dwarf-with-dsym";
				ENABLE_NS_ASSERTIONS = NO;
				ENABLE_STRICT_OBJC_MSGSEND = YES;
				GCC_C_LANGUAGE_STANDARD = gnu99;
				GCC_NO_COMMON_BLOCKS = YES;
				GCC_WARN_64_TO_32_BIT_CONVERSION = YES;
				GCC_WARN_ABOUT_RETURN_TYPE = YES_ERROR;
				GCC_WARN_UNDECLARED_SELECTOR = YES;
				GCC_WARN_UNINITIALIZED_AUTOS = YES_AGGRESSIVE;
				GCC_WARN_UNUSED_FUNCTION = YES;
				GCC_WARN_UNUSED_VARIABLE = YES;
				IPHONEOS_DEPLOYMENT_TARGET = 8.0;
				MTL_ENABLE_DEBUG_INFO = NO;
				SDKROOT = iphoneos;
				TARGETED_DEVICE_FAMILY = "1,2";
				VALIDATE_PRODUCT = YES;
			};
			name = Release;
		};
		324A65CC1BE9F0D90002E30C /* Debug */ = {
			isa = XCBuildConfiguration;
			baseConfigurationReference = 6933F24D3329CBB09FC70F4E /* Pods.debug.xcconfig */;
			buildSettings = {
				ASSETCATALOG_COMPILER_APPICON_NAME = AppIcon;
				INFOPLIST_FILE = PhotoStore/Info.plist;
				LD_RUNPATH_SEARCH_PATHS = "$(inherited) @executable_path/Frameworks";
				PRODUCT_BUNDLE_IDENTIFIER = com.edgejay.PhotoStore;
				PRODUCT_NAME = "$(TARGET_NAME)";
			};
			name = Debug;
		};
		324A65CD1BE9F0D90002E30C /* Release */ = {
			isa = XCBuildConfiguration;
			baseConfigurationReference = 0B68AE0E0FA0F5122D64A280 /* Pods.release.xcconfig */;
			buildSettings = {
				ASSETCATALOG_COMPILER_APPICON_NAME = AppIcon;
				INFOPLIST_FILE = PhotoStore/Info.plist;
				LD_RUNPATH_SEARCH_PATHS = "$(inherited) @executable_path/Frameworks";
				PRODUCT_BUNDLE_IDENTIFIER = com.edgejay.PhotoStore;
				PRODUCT_NAME = "$(TARGET_NAME)";
			};
			name = Release;
		};
/* End XCBuildConfiguration section */

/* Begin XCConfigurationList section */
		324A65B41BE9F0D90002E30C /* Build configuration list for PBXProject "PhotoStore" */ = {
			isa = XCConfigurationList;
			buildConfigurations = (
				324A65C91BE9F0D90002E30C /* Debug */,
				324A65CA1BE9F0D90002E30C /* Release */,
			);
			defaultConfigurationIsVisible = 0;
			defaultConfigurationName = Release;
		};
		324A65CB1BE9F0D90002E30C /* Build configuration list for PBXNativeTarget "PhotoStore" */ = {
			isa = XCConfigurationList;
			buildConfigurations = (
				324A65CC1BE9F0D90002E30C /* Debug */,
				324A65CD1BE9F0D90002E30C /* Release */,
			);
			defaultConfigurationIsVisible = 0;
			defaultConfigurationName = Release;
		};
/* End XCConfigurationList section */
	};
	rootObject = 324A65B11BE9F0D90002E30C /* Project object */;
}
